// !$*UTF8*$!
{
	archiveVersion = 1;
	classes = {
	};
	objectVersion = 46;
	objects = {

/* Begin PBXBuildFile section */
		53013D631A9E89FC00C5D631 /* logo.png in Resources */ = {isa = PBXBuildFile; fileRef = 534F321B1A9E402C001B7745 /* logo.png */; };
		53013D681A9E8B9D00C5D631 /* statusbar_icon.png in Resources */ = {isa = PBXBuildFile; fileRef = 53013D661A9E8B8E00C5D631 /* statusbar_icon.png */; };
		532828DD1A9EB92B00137DB7 /* install.sh in Resources */ = {isa = PBXBuildFile; fileRef = 532828DC1A9EB8F500137DB7 /* install.sh */; };
		53381B1D1B7ED29F00B03F41 /* Main.storyboard in Resources */ = {isa = PBXBuildFile; fileRef = 53A358351A9E3B4400A2185E /* Main.storyboard */; };
		5347C40B1A9EA47200B77B5B /* WindowController.swift in Sources */ = {isa = PBXBuildFile; fileRef = 5347C40A1A9EA47200B77B5B /* WindowController.swift */; };
		534BC1A91A9EB42F00D34B85 /* helper.c in Sources */ = {isa = PBXBuildFile; fileRef = 5347C4131A9EAA1D00B77B5B /* helper.c */; };
		534F32221A9E47F9001B7745 /* Account.swift in Sources */ = {isa = PBXBuildFile; fileRef = 534F32211A9E47F9001B7745 /* Account.swift */; };
		534F325C1A9E6A9D001B7745 /* sstpc in Resources */ = {isa = PBXBuildFile; fileRef = 534F324E1A9E6A9D001B7745 /* sstpc */; };
		534F32751A9E74F3001B7745 /* libsstp_api-0.dylib in CopyFiles */ = {isa = PBXBuildFile; fileRef = 534F32471A9E6A9D001B7745 /* libsstp_api-0.dylib */; settings = {ATTRIBUTES = (CodeSignOnCopy, ); }; };
		534F32861A9E7F86001B7745 /* helper in Resources */ = {isa = PBXBuildFile; fileRef = 534F327E1A9E7F65001B7745 /* helper */; };
		536468011B7F602F00200D54 /* OptionViewController.swift in Sources */ = {isa = PBXBuildFile; fileRef = 536467FF1B7F419B00200D54 /* OptionViewController.swift */; };
		53A358301A9E3B4400A2185E /* AppDelegate.swift in Sources */ = {isa = PBXBuildFile; fileRef = 53A3582F1A9E3B4400A2185E /* AppDelegate.swift */; };
		53A358321A9E3B4400A2185E /* ViewController.swift in Sources */ = {isa = PBXBuildFile; fileRef = 53A358311A9E3B4400A2185E /* ViewController.swift */; };
		53A358341A9E3B4400A2185E /* Images.xcassets in Resources */ = {isa = PBXBuildFile; fileRef = 53A358331A9E3B4400A2185E /* Images.xcassets */; };
		53CDF86026D6EE7E00D66A3A /* libcrypto.1.1.dylib in Frameworks */ = {isa = PBXBuildFile; fileRef = 53CDF85D26D6EE7D00D66A3A /* libcrypto.1.1.dylib */; };
		53CDF86126D6EE7E00D66A3A /* libevent-2.1.7.dylib in Frameworks */ = {isa = PBXBuildFile; fileRef = 53CDF85E26D6EE7D00D66A3A /* libevent-2.1.7.dylib */; };
		53CDF86226D6EE7E00D66A3A /* libssl.1.1.dylib in Frameworks */ = {isa = PBXBuildFile; fileRef = 53CDF85F26D6EE7D00D66A3A /* libssl.1.1.dylib */; };
		53CDF86326D6EE8700D66A3A /* libcrypto.1.1.dylib in CopyFiles */ = {isa = PBXBuildFile; fileRef = 53CDF85D26D6EE7D00D66A3A /* libcrypto.1.1.dylib */; settings = {ATTRIBUTES = (CodeSignOnCopy, ); }; };
		53CDF86426D6EE8800D66A3A /* libevent-2.1.7.dylib in CopyFiles */ = {isa = PBXBuildFile; fileRef = 53CDF85E26D6EE7D00D66A3A /* libevent-2.1.7.dylib */; settings = {ATTRIBUTES = (CodeSignOnCopy, ); }; };
		53CDF86526D6EE8900D66A3A /* libssl.1.1.dylib in CopyFiles */ = {isa = PBXBuildFile; fileRef = 53CDF85F26D6EE7D00D66A3A /* libssl.1.1.dylib */; settings = {ATTRIBUTES = (CodeSignOnCopy, ); }; };
		53CDF86626D6EE8E00D66A3A /* AppKit.framework in Frameworks */ = {isa = PBXBuildFile; fileRef = 534F32961A9E8866001B7745 /* AppKit.framework */; };
/* End PBXBuildFile section */

/* Begin PBXContainerItemProxy section */
		534F32981A9E88A0001B7745 /* PBXContainerItemProxy */ = {
			isa = PBXContainerItemProxy;
			containerPortal = 53A358221A9E3B4400A2185E /* Project object */;
			proxyType = 1;
			remoteGlobalIDString = 534F327D1A9E7F65001B7745;
			remoteInfo = helper;
		};
/* End PBXContainerItemProxy section */

/* Begin PBXCopyFilesBuildPhase section */
		534F32701A9E74D6001B7745 /* CopyFiles */ = {
			isa = PBXCopyFilesBuildPhase;
			buildActionMask = 2147483647;
			dstPath = "";
			dstSubfolderSpec = 10;
			files = (
				53CDF86426D6EE8800D66A3A /* libevent-2.1.7.dylib in CopyFiles */,
				53CDF86526D6EE8900D66A3A /* libssl.1.1.dylib in CopyFiles */,
				534F32751A9E74F3001B7745 /* libsstp_api-0.dylib in CopyFiles */,
				53CDF86326D6EE8700D66A3A /* libcrypto.1.1.dylib in CopyFiles */,
			);
			runOnlyForDeploymentPostprocessing = 0;
		};
		534F327C1A9E7F65001B7745 /* CopyFiles */ = {
			isa = PBXCopyFilesBuildPhase;
			buildActionMask = 2147483647;
			dstPath = /usr/share/man/man1/;
			dstSubfolderSpec = 0;
			files = (
			);
			runOnlyForDeploymentPostprocessing = 1;
		};
/* End PBXCopyFilesBuildPhase section */

/* Begin PBXFileReference section */
		53013D661A9E8B8E00C5D631 /* statusbar_icon.png */ = {isa = PBXFileReference; lastKnownFileType = image.png; name = statusbar_icon.png; path = iSstp/statusbar_icon.png; sourceTree = SOURCE_ROOT; };
		532828DC1A9EB8F500137DB7 /* install.sh */ = {isa = PBXFileReference; lastKnownFileType = text.script.sh; path = install.sh; sourceTree = "<group>"; };
		5347C40A1A9EA47200B77B5B /* WindowController.swift */ = {isa = PBXFileReference; fileEncoding = 4; lastKnownFileType = sourcecode.swift; path = WindowController.swift; sourceTree = "<group>"; };
		5347C4131A9EAA1D00B77B5B /* helper.c */ = {isa = PBXFileReference; fileEncoding = 4; lastKnownFileType = sourcecode.c.c; name = helper.c; path = iSstp/helper.c; sourceTree = SOURCE_ROOT; };
		534F321B1A9E402C001B7745 /* logo.png */ = {isa = PBXFileReference; lastKnownFileType = image.png; path = logo.png; sourceTree = "<group>"; };
		534F32211A9E47F9001B7745 /* Account.swift */ = {isa = PBXFileReference; fileEncoding = 4; lastKnownFileType = sourcecode.swift; path = Account.swift; sourceTree = "<group>"; };
		534F32471A9E6A9D001B7745 /* libsstp_api-0.dylib */ = {isa = PBXFileReference; lastKnownFileType = "compiled.mach-o.dylib"; path = "libsstp_api-0.dylib"; sourceTree = "<group>"; };
		534F324E1A9E6A9D001B7745 /* sstpc */ = {isa = PBXFileReference; lastKnownFileType = "compiled.mach-o.executable"; path = sstpc; sourceTree = "<group>"; };
		534F32761A9E7887001B7745 /* README */ = {isa = PBXFileReference; lastKnownFileType = text; path = README; sourceTree = "<group>"; };
		534F327E1A9E7F65001B7745 /* helper */ = {isa = PBXFileReference; explicitFileType = "compiled.mach-o.executable"; includeInIndex = 0; path = helper; sourceTree = BUILT_PRODUCTS_DIR; };
		534F32961A9E8866001B7745 /* AppKit.framework */ = {isa = PBXFileReference; lastKnownFileType = wrapper.framework; name = AppKit.framework; path = System/Library/Frameworks/AppKit.framework; sourceTree = SDKROOT; };
		536467FF1B7F419B00200D54 /* OptionViewController.swift */ = {isa = PBXFileReference; fileEncoding = 4; lastKnownFileType = sourcecode.swift; path = OptionViewController.swift; sourceTree = "<group>"; };
		53A3582A1A9E3B4400A2185E /* iSstp.app */ = {isa = PBXFileReference; explicitFileType = wrapper.application; includeInIndex = 0; path = iSstp.app; sourceTree = BUILT_PRODUCTS_DIR; };
		53A3582E1A9E3B4400A2185E /* Info.plist */ = {isa = PBXFileReference; lastKnownFileType = text.plist.xml; path = Info.plist; sourceTree = "<group>"; };
		53A3582F1A9E3B4400A2185E /* AppDelegate.swift */ = {isa = PBXFileReference; lastKnownFileType = sourcecode.swift; path = AppDelegate.swift; sourceTree = "<group>"; };
		53A358311A9E3B4400A2185E /* ViewController.swift */ = {isa = PBXFileReference; lastKnownFileType = sourcecode.swift; path = ViewController.swift; sourceTree = "<group>"; };
		53A358331A9E3B4400A2185E /* Images.xcassets */ = {isa = PBXFileReference; lastKnownFileType = folder.assetcatalog; path = Images.xcassets; sourceTree = "<group>"; };
		53A358361A9E3B4400A2185E /* Base */ = {isa = PBXFileReference; lastKnownFileType = file.storyboard; name = Base; path = Base.lproj/Main.storyboard; sourceTree = "<group>"; };
		53A358411A9E3B4400A2185E /* Info.plist */ = {isa = PBXFileReference; lastKnownFileType = text.plist.xml; path = Info.plist; sourceTree = "<group>"; };
		53A358421A9E3B4400A2185E /* iSstpTests.swift */ = {isa = PBXFileReference; lastKnownFileType = sourcecode.swift; path = iSstpTests.swift; sourceTree = "<group>"; };
		53CDF85D26D6EE7D00D66A3A /* libcrypto.1.1.dylib */ = {isa = PBXFileReference; lastKnownFileType = "compiled.mach-o.dylib"; path = libcrypto.1.1.dylib; sourceTree = "<group>"; };
		53CDF85E26D6EE7D00D66A3A /* libevent-2.1.7.dylib */ = {isa = PBXFileReference; lastKnownFileType = "compiled.mach-o.dylib"; path = "libevent-2.1.7.dylib"; sourceTree = "<group>"; };
		53CDF85F26D6EE7D00D66A3A /* libssl.1.1.dylib */ = {isa = PBXFileReference; lastKnownFileType = "compiled.mach-o.dylib"; path = libssl.1.1.dylib; sourceTree = "<group>"; };
/* End PBXFileReference section */

/* Begin PBXFrameworksBuildPhase section */
		534F327B1A9E7F65001B7745 /* Frameworks */ = {
			isa = PBXFrameworksBuildPhase;
			buildActionMask = 2147483647;
			files = (
			);
			runOnlyForDeploymentPostprocessing = 0;
		};
		53A358271A9E3B4400A2185E /* Frameworks */ = {
			isa = PBXFrameworksBuildPhase;
			buildActionMask = 2147483647;
			files = (
				53CDF86126D6EE7E00D66A3A /* libevent-2.1.7.dylib in Frameworks */,
				53CDF86626D6EE8E00D66A3A /* AppKit.framework in Frameworks */,
				53CDF86226D6EE7E00D66A3A /* libssl.1.1.dylib in Frameworks */,
				53CDF86026D6EE7E00D66A3A /* libcrypto.1.1.dylib in Frameworks */,
			);
			runOnlyForDeploymentPostprocessing = 0;
		};
/* End PBXFrameworksBuildPhase section */

/* Begin PBXGroup section */
		534F32231A9E59D9001B7745 /* sstp-client */ = {
			isa = PBXGroup;
			children = (
				534F32461A9E6A9D001B7745 /* lib */,
				534F324D1A9E6A9D001B7745 /* sbin */,
				534F32761A9E7887001B7745 /* README */,
				532828DC1A9EB8F500137DB7 /* install.sh */,
			);
			name = "sstp-client";
			sourceTree = "<group>";
		};
		534F32461A9E6A9D001B7745 /* lib */ = {
			isa = PBXGroup;
			children = (
				53CDF85D26D6EE7D00D66A3A /* libcrypto.1.1.dylib */,
				53CDF85E26D6EE7D00D66A3A /* libevent-2.1.7.dylib */,
				53CDF85F26D6EE7D00D66A3A /* libssl.1.1.dylib */,
				534F32471A9E6A9D001B7745 /* libsstp_api-0.dylib */,
			);
			name = lib;
			path = "sstp-client/lib";
			sourceTree = "<group>";
		};
		534F324D1A9E6A9D001B7745 /* sbin */ = {
			isa = PBXGroup;
			children = (
				534F324E1A9E6A9D001B7745 /* sstpc */,
			);
			name = sbin;
			path = "sstp-client/sbin";
			sourceTree = "<group>";
		};
		534F327F1A9E7F65001B7745 /* helper */ = {
			isa = PBXGroup;
			children = (
				5347C4131A9EAA1D00B77B5B /* helper.c */,
			);
			path = helper;
			sourceTree = "<group>";
		};
		53A358211A9E3B4400A2185E = {
			isa = PBXGroup;
			children = (
				53A3582C1A9E3B4400A2185E /* iSstp */,
				53A3583F1A9E3B4400A2185E /* iSstpTests */,
				534F327F1A9E7F65001B7745 /* helper */,
				53A3582B1A9E3B4400A2185E /* Products */,
			);
			sourceTree = "<group>";
		};
		53A3582B1A9E3B4400A2185E /* Products */ = {
			isa = PBXGroup;
			children = (
				53A3582A1A9E3B4400A2185E /* iSstp.app */,
				534F327E1A9E7F65001B7745 /* helper */,
			);
			name = Products;
			sourceTree = "<group>";
		};
		53A3582C1A9E3B4400A2185E /* iSstp */ = {
			isa = PBXGroup;
			children = (
				53A3582F1A9E3B4400A2185E /* AppDelegate.swift */,
				5347C40A1A9EA47200B77B5B /* WindowController.swift */,
				53A358311A9E3B4400A2185E /* ViewController.swift */,
				536467FF1B7F419B00200D54 /* OptionViewController.swift */,
				534F32211A9E47F9001B7745 /* Account.swift */,
				53A358331A9E3B4400A2185E /* Images.xcassets */,
				53A358351A9E3B4400A2185E /* Main.storyboard */,
				53A3582D1A9E3B4400A2185E /* Supporting Files */,
			);
			path = iSstp;
			sourceTree = "<group>";
		};
		53A3582D1A9E3B4400A2185E /* Supporting Files */ = {
			isa = PBXGroup;
			children = (
				534F32231A9E59D9001B7745 /* sstp-client */,
				53A3582E1A9E3B4400A2185E /* Info.plist */,
			);
			name = "Supporting Files";
			sourceTree = "<group>";
		};
		53A3583F1A9E3B4400A2185E /* iSstpTests */ = {
			isa = PBXGroup;
			children = (
				53A358421A9E3B4400A2185E /* iSstpTests.swift */,
				53A358401A9E3B4400A2185E /* Supporting Files */,
			);
			path = iSstpTests;
			sourceTree = "<group>";
		};
		53A358401A9E3B4400A2185E /* Supporting Files */ = {
			isa = PBXGroup;
			children = (
				53013D661A9E8B8E00C5D631 /* statusbar_icon.png */,
				534F32961A9E8866001B7745 /* AppKit.framework */,
				534F321B1A9E402C001B7745 /* logo.png */,
				53A358411A9E3B4400A2185E /* Info.plist */,
			);
			name = "Supporting Files";
			sourceTree = "<group>";
		};
/* End PBXGroup section */

/* Begin PBXNativeTarget section */
		534F327D1A9E7F65001B7745 /* helper */ = {
			isa = PBXNativeTarget;
			buildConfigurationList = 534F32821A9E7F65001B7745 /* Build configuration list for PBXNativeTarget "helper" */;
			buildPhases = (
				534F327A1A9E7F65001B7745 /* Sources */,
				534F327B1A9E7F65001B7745 /* Frameworks */,
				534F327C1A9E7F65001B7745 /* CopyFiles */,
			);
			buildRules = (
			);
			dependencies = (
			);
			name = helper;
			productName = helper;
			productReference = 534F327E1A9E7F65001B7745 /* helper */;
			productType = "com.apple.product-type.tool";
		};
		53A358291A9E3B4400A2185E /* iSstp */ = {
			isa = PBXNativeTarget;
			buildConfigurationList = 53A358461A9E3B4400A2185E /* Build configuration list for PBXNativeTarget "iSstp" */;
			buildPhases = (
				53A358261A9E3B4400A2185E /* Sources */,
				53A358271A9E3B4400A2185E /* Frameworks */,
				53A358281A9E3B4400A2185E /* Resources */,
				534F32701A9E74D6001B7745 /* CopyFiles */,
			);
			buildRules = (
			);
			dependencies = (
				534F32991A9E88A0001B7745 /* PBXTargetDependency */,
			);
			name = iSstp;
			productName = iSstp;
			productReference = 53A3582A1A9E3B4400A2185E /* iSstp.app */;
			productType = "com.apple.product-type.application";
		};
/* End PBXNativeTarget section */

/* Begin PBXProject section */
		53A358221A9E3B4400A2185E /* Project object */ = {
			isa = PBXProject;
			attributes = {
				LastSwiftMigration = 0720;
				LastSwiftUpdateCheck = 0720;
				LastUpgradeCheck = 1250;
				ORGANIZATIONNAME = axot;
				TargetAttributes = {
					534F327D1A9E7F65001B7745 = {
						CreatedOnToolsVersion = 6.1.1;
					};
					53A358291A9E3B4400A2185E = {
						CreatedOnToolsVersion = 6.1.1;
						DevelopmentTeam = HQ5QBPKEYU;
						LastSwiftMigration = 0800;
						ProvisioningStyle = Automatic;
					};
				};
			};
			buildConfigurationList = 53A358251A9E3B4400A2185E /* Build configuration list for PBXProject "iSstp" */;
			compatibilityVersion = "Xcode 3.2";
			developmentRegion = en;
			hasScannedForEncodings = 0;
			knownRegions = (
				en,
				Base,
			);
			mainGroup = 53A358211A9E3B4400A2185E;
			productRefGroup = 53A3582B1A9E3B4400A2185E /* Products */;
			projectDirPath = "";
			projectRoot = "";
			targets = (
				53A358291A9E3B4400A2185E /* iSstp */,
				534F327D1A9E7F65001B7745 /* helper */,
			);
		};
/* End PBXProject section */

/* Begin PBXResourcesBuildPhase section */
		53A358281A9E3B4400A2185E /* Resources */ = {
			isa = PBXResourcesBuildPhase;
			buildActionMask = 2147483647;
			files = (
				53A358341A9E3B4400A2185E /* Images.xcassets in Resources */,
				534F325C1A9E6A9D001B7745 /* sstpc in Resources */,
				534F32861A9E7F86001B7745 /* helper in Resources */,
				53013D631A9E89FC00C5D631 /* logo.png in Resources */,
				53013D681A9E8B9D00C5D631 /* statusbar_icon.png in Resources */,
				53381B1D1B7ED29F00B03F41 /* Main.storyboard in Resources */,
				532828DD1A9EB92B00137DB7 /* install.sh in Resources */,
			);
			runOnlyForDeploymentPostprocessing = 0;
		};
/* End PBXResourcesBuildPhase section */

/* Begin PBXSourcesBuildPhase section */
		534F327A1A9E7F65001B7745 /* Sources */ = {
			isa = PBXSourcesBuildPhase;
			buildActionMask = 2147483647;
			files = (
				534BC1A91A9EB42F00D34B85 /* helper.c in Sources */,
			);
			runOnlyForDeploymentPostprocessing = 0;
		};
		53A358261A9E3B4400A2185E /* Sources */ = {
			isa = PBXSourcesBuildPhase;
			buildActionMask = 2147483647;
			files = (
				53A358321A9E3B4400A2185E /* ViewController.swift in Sources */,
				536468011B7F602F00200D54 /* OptionViewController.swift in Sources */,
				5347C40B1A9EA47200B77B5B /* WindowController.swift in Sources */,
				53A358301A9E3B4400A2185E /* AppDelegate.swift in Sources */,
				534F32221A9E47F9001B7745 /* Account.swift in Sources */,
			);
			runOnlyForDeploymentPostprocessing = 0;
		};
/* End PBXSourcesBuildPhase section */

/* Begin PBXTargetDependency section */
		534F32991A9E88A0001B7745 /* PBXTargetDependency */ = {
			isa = PBXTargetDependency;
			target = 534F327D1A9E7F65001B7745 /* helper */;
			targetProxy = 534F32981A9E88A0001B7745 /* PBXContainerItemProxy */;
		};
/* End PBXTargetDependency section */

/* Begin PBXVariantGroup section */
		53A358351A9E3B4400A2185E /* Main.storyboard */ = {
			isa = PBXVariantGroup;
			children = (
				53A358361A9E3B4400A2185E /* Base */,
			);
			name = Main.storyboard;
			sourceTree = "<group>";
		};
/* End PBXVariantGroup section */

/* Begin XCBuildConfiguration section */
		534F32831A9E7F65001B7745 /* Debug */ = {
			isa = XCBuildConfiguration;
			buildSettings = {
				CODE_SIGN_IDENTITY = "-";
				GCC_PREPROCESSOR_DEFINITIONS = (
					"DEBUG=1",
					"$(inherited)",
				);
				PRODUCT_NAME = "$(TARGET_NAME)";
			};
			name = Debug;
		};
		534F32841A9E7F65001B7745 /* Release */ = {
			isa = XCBuildConfiguration;
			buildSettings = {
				CODE_SIGN_IDENTITY = "-";
				PRODUCT_NAME = "$(TARGET_NAME)";
				SWIFT_OPTIMIZATION_LEVEL = "-O2";
			};
			name = Release;
		};
		53A358441A9E3B4400A2185E /* Debug */ = {
			isa = XCBuildConfiguration;
			buildSettings = {
				ALWAYS_SEARCH_USER_PATHS = NO;
				CLANG_ANALYZER_LOCALIZABILITY_NONLOCALIZED = YES;
				CLANG_CXX_LANGUAGE_STANDARD = "gnu++0x";
				CLANG_CXX_LIBRARY = "libc++";
				CLANG_ENABLE_MODULES = YES;
				CLANG_ENABLE_OBJC_ARC = YES;
				CLANG_WARN_BLOCK_CAPTURE_AUTORELEASING = YES;
				CLANG_WARN_BOOL_CONVERSION = YES;
				CLANG_WARN_COMMA = YES;
				CLANG_WARN_CONSTANT_CONVERSION = YES;
				CLANG_WARN_DEPRECATED_OBJC_IMPLEMENTATIONS = YES;
				CLANG_WARN_DIRECT_OBJC_ISA_USAGE = YES_ERROR;
				CLANG_WARN_EMPTY_BODY = YES;
				CLANG_WARN_ENUM_CONVERSION = YES;
				CLANG_WARN_INFINITE_RECURSION = YES;
				CLANG_WARN_INT_CONVERSION = YES;
				CLANG_WARN_NON_LITERAL_NULL_CONVERSION = YES;
				CLANG_WARN_OBJC_IMPLICIT_RETAIN_SELF = YES;
				CLANG_WARN_OBJC_LITERAL_CONVERSION = YES;
				CLANG_WARN_OBJC_ROOT_CLASS = YES_ERROR;
				CLANG_WARN_QUOTED_INCLUDE_IN_FRAMEWORK_HEADER = YES;
				CLANG_WARN_RANGE_LOOP_ANALYSIS = YES;
				CLANG_WARN_STRICT_PROTOTYPES = YES;
				CLANG_WARN_SUSPICIOUS_MOVE = YES;
				CLANG_WARN_UNREACHABLE_CODE = YES;
				CLANG_WARN__DUPLICATE_METHOD_MATCH = YES;
				CODE_SIGN_IDENTITY = "-";
				COPY_PHASE_STRIP = NO;
				ENABLE_STRICT_OBJC_MSGSEND = YES;
				ENABLE_TESTABILITY = YES;
				GCC_C_LANGUAGE_STANDARD = gnu99;
				GCC_DYNAMIC_NO_PIC = NO;
				GCC_NO_COMMON_BLOCKS = YES;
				GCC_OPTIMIZATION_LEVEL = 0;
				GCC_PREPROCESSOR_DEFINITIONS = (
					"DEBUG=1",
					"$(inherited)",
				);
				GCC_SYMBOLS_PRIVATE_EXTERN = NO;
				GCC_WARN_64_TO_32_BIT_CONVERSION = YES;
				GCC_WARN_ABOUT_RETURN_TYPE = YES_ERROR;
				GCC_WARN_UNDECLARED_SELECTOR = YES;
				GCC_WARN_UNINITIALIZED_AUTOS = YES_AGGRESSIVE;
				GCC_WARN_UNUSED_FUNCTION = YES;
				GCC_WARN_UNUSED_VARIABLE = YES;
				MACOSX_DEPLOYMENT_TARGET = 10.10;
				MTL_ENABLE_DEBUG_INFO = YES;
				ONLY_ACTIVE_ARCH = YES;
				SDKROOT = macosx;
				SWIFT_OPTIMIZATION_LEVEL = "-Onone";
			};
			name = Debug;
		};
		53A358451A9E3B4400A2185E /* Release */ = {
			isa = XCBuildConfiguration;
			buildSettings = {
				ALWAYS_SEARCH_USER_PATHS = NO;
				CLANG_ANALYZER_LOCALIZABILITY_NONLOCALIZED = YES;
				CLANG_CXX_LANGUAGE_STANDARD = "gnu++0x";
				CLANG_CXX_LIBRARY = "libc++";
				CLANG_ENABLE_MODULES = YES;
				CLANG_ENABLE_OBJC_ARC = YES;
				CLANG_WARN_BLOCK_CAPTURE_AUTORELEASING = YES;
				CLANG_WARN_BOOL_CONVERSION = YES;
				CLANG_WARN_COMMA = YES;
				CLANG_WARN_CONSTANT_CONVERSION = YES;
				CLANG_WARN_DEPRECATED_OBJC_IMPLEMENTATIONS = YES;
				CLANG_WARN_DIRECT_OBJC_ISA_USAGE = YES_ERROR;
				CLANG_WARN_EMPTY_BODY = YES;
				CLANG_WARN_ENUM_CONVERSION = YES;
				CLANG_WARN_INFINITE_RECURSION = YES;
				CLANG_WARN_INT_CONVERSION = YES;
				CLANG_WARN_NON_LITERAL_NULL_CONVERSION = YES;
				CLANG_WARN_OBJC_IMPLICIT_RETAIN_SELF = YES;
				CLANG_WARN_OBJC_LITERAL_CONVERSION = YES;
				CLANG_WARN_OBJC_ROOT_CLASS = YES_ERROR;
				CLANG_WARN_QUOTED_INCLUDE_IN_FRAMEWORK_HEADER = YES;
				CLANG_WARN_RANGE_LOOP_ANALYSIS = YES;
				CLANG_WARN_STRICT_PROTOTYPES = YES;
				CLANG_WARN_SUSPICIOUS_MOVE = YES;
				CLANG_WARN_UNREACHABLE_CODE = YES;
				CLANG_WARN__DUPLICATE_METHOD_MATCH = YES;
				CODE_SIGN_IDENTITY = "-";
				COPY_PHASE_STRIP = YES;
				DEBUG_INFORMATION_FORMAT = "dwarf-with-dsym";
				ENABLE_NS_ASSERTIONS = NO;
				ENABLE_STRICT_OBJC_MSGSEND = YES;
				GCC_C_LANGUAGE_STANDARD = gnu99;
				GCC_NO_COMMON_BLOCKS = YES;
				GCC_WARN_64_TO_32_BIT_CONVERSION = YES;
				GCC_WARN_ABOUT_RETURN_TYPE = YES_ERROR;
				GCC_WARN_UNDECLARED_SELECTOR = YES;
				GCC_WARN_UNINITIALIZED_AUTOS = YES_AGGRESSIVE;
				GCC_WARN_UNUSED_FUNCTION = YES;
				GCC_WARN_UNUSED_VARIABLE = YES;
				MACOSX_DEPLOYMENT_TARGET = 10.10;
				MTL_ENABLE_DEBUG_INFO = NO;
				SDKROOT = macosx;
				SWIFT_OPTIMIZATION_LEVEL = "-Owholemodule";
			};
			name = Release;
		};
		53A358471A9E3B4400A2185E /* Debug */ = {
			isa = XCBuildConfiguration;
			buildSettings = {
				ASSETCATALOG_COMPILER_APPICON_NAME = AppIcon;
				CODE_SIGN_IDENTITY = "-";
				COMBINE_HIDPI_IMAGES = YES;
				CURRENT_PROJECT_VERSION = 20210825;
				DEVELOPMENT_TEAM = HQ5QBPKEYU;
				INFOPLIST_FILE = iSstp/Info.plist;
				LD_RUNPATH_SEARCH_PATHS = "$(inherited) @executable_path/../Frameworks";
				LIBRARY_SEARCH_PATHS = (
					"$(inherited)",
					"$(PROJECT_DIR)/iSstp/sstp/1.0.9/lib",
					"$(PROJECT_DIR)/iSstp/sstp-client/lib",
				);
				MARKETING_VERSION = 1.4;
				OTHER_LDFLAGS = (
					"-all_load",
					"-ObjC",
				);
				PRODUCT_BUNDLE_IDENTIFIER = "org.axot.$(PRODUCT_NAME:rfc1034identifier)";
				PRODUCT_NAME = "$(TARGET_NAME)";
				SWIFT_VERSION = 5.0;
			};
			name = Debug;
		};
		53A358481A9E3B4400A2185E /* Release */ = {
			isa = XCBuildConfiguration;
			buildSettings = {
				ASSETCATALOG_COMPILER_APPICON_NAME = AppIcon;
				CODE_SIGN_IDENTITY = "-";
				COMBINE_HIDPI_IMAGES = YES;
				CURRENT_PROJECT_VERSION = 20210825;
				DEVELOPMENT_TEAM = HQ5QBPKEYU;
				INFOPLIST_FILE = iSstp/Info.plist;
				LD_RUNPATH_SEARCH_PATHS = "$(inherited) @executable_path/../Frameworks";
				LIBRARY_SEARCH_PATHS = (
					"$(inherited)",
					"$(PROJECT_DIR)/iSstp/sstp/1.0.9/lib",
					"$(PROJECT_DIR)/iSstp/sstp-client/lib",
				);
				MARKETING_VERSION = 1.4;
				OTHER_LDFLAGS = (
					"-all_load",
					"-ObjC",
				);
				PRODUCT_BUNDLE_IDENTIFIER = "org.axot.$(PRODUCT_NAME:rfc1034identifier)";
				PRODUCT_NAME = "$(TARGET_NAME)";
				SWIFT_VERSION = 5.0;
			};
			name = Release;
		};
/* End XCBuildConfiguration section */

/* Begin XCConfigurationList section */
		534F32821A9E7F65001B7745 /* Build configuration list for PBXNativeTarget "helper" */ = {
			isa = XCConfigurationList;
			buildConfigurations = (
				534F32831A9E7F65001B7745 /* Debug */,
				534F32841A9E7F65001B7745 /* Release */,
			);
			defaultConfigurationIsVisible = 0;
			defaultConfigurationName = Release;
		};
		53A358251A9E3B4400A2185E /* Build configuration list for PBXProject "iSstp" */ = {
			isa = XCConfigurationList;
			buildConfigurations = (
				53A358441A9E3B4400A2185E /* Debug */,
				53A358451A9E3B4400A2185E /* Release */,
			);
			defaultConfigurationIsVisible = 0;
			defaultConfigurationName = Release;
		};
		53A358461A9E3B4400A2185E /* Build configuration list for PBXNativeTarget "iSstp" */ = {
			isa = XCConfigurationList;
			buildConfigurations = (
				53A358471A9E3B4400A2185E /* Debug */,
				53A358481A9E3B4400A2185E /* Release */,
			);
			defaultConfigurationIsVisible = 0;
			defaultConfigurationName = Release;
		};
/* End XCConfigurationList section */
	};
	rootObject = 53A358221A9E3B4400A2185E /* Project object */;
}
